PODS:
  - Flutter (1.0.0)
  - flutter_feature_biometric_ios (0.1.0):
    - Flutter
    - SwiftFeatureBiometric (= 0.0.10)
  - integration_test (0.0.1):
    - Flutter
  - SwiftFeatureBiometric (0.0.10)

DEPENDENCIES:
  - Flutter (from `Flutter`)
  - flutter_feature_biometric_ios (from `.symlinks/plugins/flutter_feature_biometric_ios/ios`)
  - integration_test (from `.symlinks/plugins/integration_test/ios`)
  - SwiftFeatureBiometric (= 0.0.10)

SPEC REPOS:
  trunk:
    - SwiftFeatureBiometric

EXTERNAL SOURCES:
  Flutter:
    :path: Flutter
  flutter_feature_biometric_ios:
    :path: ".symlinks/plugins/flutter_feature_biometric_ios/ios"
  integration_test:
    :path: ".symlinks/plugins/integration_test/ios"

SPEC CHECKSUMS:
  Flutter: e0871f40cf51350855a761d2e70bf5af5b9b5de7
  flutter_feature_biometric_ios: bf47533ab570ebf856d711818e802043680ede51
  integration_test: 13825b8a9334a850581300559b8839134b124670
  SwiftFeatureBiometric: cf6c57381170d9f1277c75da48e519c50ac41c01

PODFILE CHECKSUM: a09c227bcd1fa31977ca5a36179e0562533f4c9a

COCOAPODS: 1.16.2
